
Microsoft Visual Studio Solution File, Format Version 12.00
# Visual Studio Version 17
VisualStudioVersion = 17.9.34607.119
MinimumVisualStudioVersion = 10.0.40219.1
Project("{FAE04EC0-301F-11D3-BF4B-00C04F79EFBC}") = "Warehouse", "Warehouse\Warehouse.csproj", "{E8415CCA-8A7B-4AEB-A5FB-390D60E35BED}"
EndProject
Global
	GlobalSection(SolutionConfigurationPlatforms) = preSolution
		Debug|Any CPU = Debug|Any CPU
		Release|Any CPU = Release|Any CPU
	EndGlobalSection
	GlobalSection(ProjectConfigurationPlatforms) = postSolution
		{E8415CCA-8A7B-4AEB-A5FB-390D60E35BED}.Debug|Any CPU.ActiveCfg = Debug|Any CPU
		{E8415CCA-8A7B-4AEB-A5FB-390D60E35BED}.Debug|Any CPU.Build.0 = Debug|Any CPU
		{E8415CCA-8A7B-4AEB-A5FB-390D60E35BED}.Release|Any CPU.ActiveCfg = Release|Any CPU
		{E8415CCA-8A7B-4AEB-A5FB-390D60E35BED}.Release|Any CPU.Build.0 = Release|Any CPU
	EndGlobalSection
	GlobalSection(SolutionProperties) = preSolution
		HideSolutionNode = FALSE
	EndGlobalSection
	GlobalSection(ExtensibilityGlobals) = postSolution
		SolutionGuid = {53557B00-C4C2-4FA6-91FB-196452EC728D}
	EndGlobalSection
EndGlobal
